
Microsoft Visual Studio Solution File, Format Version 12.00
# Visual Studio Version 17
VisualStudioVersion = 17.0.32126.317
MinimumVisualStudioVersion = 10.0.40219.1
Project("{9A19103F-16F7-4668-BE54-9A1E7A4F7556}") = "IT_Door.API", "IT_Door\IT_Door.API.csproj", "{F25677DD-CEBA-44F2-9E2B-993826C4C350}"
EndProject
Project("{9A19103F-16F7-4668-BE54-9A1E7A4F7556}") = "IT_Door.Domain", "IT_Door.Domain\IT_Door.Domain.csproj", "{DD758667-391E-474B-A48E-61EC0B199BA6}"
EndProject
Project("{9A19103F-16F7-4668-BE54-9A1E7A4F7556}") = "IT_Door.Infrastructure", "IT_Door.Infrastructure\IT_Door.Infrastructure.csproj", "{54E4527F-32AD-4256-AE04-C2B43AF453F3}"
EndProject
Project("{9A19103F-16F7-4668-BE54-9A1E7A4F7556}") = "IT_Door.Entities", "IT_Door.Entities\IT_Door.Entities.csproj", "{EDBE0D55-41BF-447B-9235-5DB8942418FC}"
EndProject
Project("{9A19103F-16F7-4668-BE54-9A1E7A4F7556}") = "IT_Door.Models", "IT_Door.Models\IT_Door.Models.csproj", "{C29248CF-D106-4035-B564-EA4A114DF1EB}"
EndProject
Project("{9A19103F-16F7-4668-BE54-9A1E7A4F7556}") = "IT_Door.Tests", "IT_Door.Tests\IT_Door.Tests.csproj", "{1EAA8C3C-1666-4387-A256-C44049A28622}"
EndProject
Global
	GlobalSection(SolutionConfigurationPlatforms) = preSolution
		Debug|Any CPU = Debug|Any CPU
		Release|Any CPU = Release|Any CPU
	EndGlobalSection
	GlobalSection(ProjectConfigurationPlatforms) = postSolution
		{F25677DD-CEBA-44F2-9E2B-993826C4C350}.Debug|Any CPU.ActiveCfg = Debug|Any CPU
		{F25677DD-CEBA-44F2-9E2B-993826C4C350}.Debug|Any CPU.Build.0 = Debug|Any CPU
		{F25677DD-CEBA-44F2-9E2B-993826C4C350}.Release|Any CPU.ActiveCfg = Release|Any CPU
		{F25677DD-CEBA-44F2-9E2B-993826C4C350}.Release|Any CPU.Build.0 = Release|Any CPU
		{DD758667-391E-474B-A48E-61EC0B199BA6}.Debug|Any CPU.ActiveCfg = Debug|Any CPU
		{DD758667-391E-474B-A48E-61EC0B199BA6}.Debug|Any CPU.Build.0 = Debug|Any CPU
		{DD758667-391E-474B-A48E-61EC0B199BA6}.Release|Any CPU.ActiveCfg = Release|Any CPU
		{DD758667-391E-474B-A48E-61EC0B199BA6}.Release|Any CPU.Build.0 = Release|Any CPU
		{54E4527F-32AD-4256-AE04-C2B43AF453F3}.Debug|Any CPU.ActiveCfg = Debug|Any CPU
		{54E4527F-32AD-4256-AE04-C2B43AF453F3}.Debug|Any CPU.Build.0 = Debug|Any CPU
		{54E4527F-32AD-4256-AE04-C2B43AF453F3}.Release|Any CPU.ActiveCfg = Release|Any CPU
		{54E4527F-32AD-4256-AE04-C2B43AF453F3}.Release|Any CPU.Build.0 = Release|Any CPU
		{EDBE0D55-41BF-447B-9235-5DB8942418FC}.Debug|Any CPU.ActiveCfg = Debug|Any CPU
		{EDBE0D55-41BF-447B-9235-5DB8942418FC}.Debug|Any CPU.Build.0 = Debug|Any CPU
		{EDBE0D55-41BF-447B-9235-5DB8942418FC}.Release|Any CPU.ActiveCfg = Release|Any CPU
		{EDBE0D55-41BF-447B-9235-5DB8942418FC}.Release|Any CPU.Build.0 = Release|Any CPU
		{C29248CF-D106-4035-B564-EA4A114DF1EB}.Debug|Any CPU.ActiveCfg = Debug|Any CPU
		{C29248CF-D106-4035-B564-EA4A114DF1EB}.Debug|Any CPU.Build.0 = Debug|Any CPU
		{C29248CF-D106-4035-B564-EA4A114DF1EB}.Release|Any CPU.ActiveCfg = Release|Any CPU
		{C29248CF-D106-4035-B564-EA4A114DF1EB}.Release|Any CPU.Build.0 = Release|Any CPU
		{1EAA8C3C-1666-4387-A256-C44049A28622}.Debug|Any CPU.ActiveCfg = Debug|Any CPU
		{1EAA8C3C-1666-4387-A256-C44049A28622}.Debug|Any CPU.Build.0 = Debug|Any CPU
		{1EAA8C3C-1666-4387-A256-C44049A28622}.Release|Any CPU.ActiveCfg = Release|Any CPU
		{1EAA8C3C-1666-4387-A256-C44049A28622}.Release|Any CPU.Build.0 = Release|Any CPU
	EndGlobalSection
	GlobalSection(SolutionProperties) = preSolution
		HideSolutionNode = FALSE
	EndGlobalSection
	GlobalSection(ExtensibilityGlobals) = postSolution
		SolutionGuid = {96B480FE-8415-4521-9ADD-13944CE6E93C}
	EndGlobalSection
EndGlobal
