
Microsoft Visual Studio Solution File, Format Version 12.00
# Visual Studio Version 17
VisualStudioVersion = 17.6.33723.286
MinimumVisualStudioVersion = 10.0.40219.1
Project("{2150E333-8FDC-42A3-9474-1A3956D46DE8}") = "src", "src", "{D57BDC24-CDF2-49DA-AD48-DDA1C55BE86B}"
EndProject
Project("{2150E333-8FDC-42A3-9474-1A3956D46DE8}") = "test", "test", "{164ECFA0-692B-4972-9240-89F759E9F417}"
EndProject
Project("{FAE04EC0-301F-11D3-BF4B-00C04F79EFBC}") = "ApplicationCore", "ApplicationCore\ApplicationCore.csproj", "{787DE22C-64DB-472A-8F77-1DCD8C614A7F}"
EndProject
Project("{FAE04EC0-301F-11D3-BF4B-00C04F79EFBC}") = "Infrastructure", "Infrastructure\Infrastructure.csproj", "{0E22F4BF-D71D-427B-A294-813857173FC6}"
	ProjectSection(ProjectDependencies) = postProject
		{787DE22C-64DB-472A-8F77-1DCD8C614A7F} = {787DE22C-64DB-472A-8F77-1DCD8C614A7F}
	EndProjectSection
EndProject
Project("{FAE04EC0-301F-11D3-BF4B-00C04F79EFBC}") = "UI", "UI\UI.csproj", "{50D8676C-E0D1-4D08-BFD5-EC5C683041DF}"
	ProjectSection(ProjectDependencies) = postProject
		{0E22F4BF-D71D-427B-A294-813857173FC6} = {0E22F4BF-D71D-427B-A294-813857173FC6}
		{787DE22C-64DB-472A-8F77-1DCD8C614A7F} = {787DE22C-64DB-472A-8F77-1DCD8C614A7F}
	EndProjectSection
EndProject
Project("{FAE04EC0-301F-11D3-BF4B-00C04F79EFBC}") = "ApplicationCore.UnitTests", "ApplicationCore.UnitTests\ApplicationCore.UnitTests.csproj", "{86A77DC4-6CDA-4A11-A1F0-DD00922DD355}"
	ProjectSection(ProjectDependencies) = postProject
		{787DE22C-64DB-472A-8F77-1DCD8C614A7F} = {787DE22C-64DB-472A-8F77-1DCD8C614A7F}
	EndProjectSection
EndProject
Global
	GlobalSection(SolutionConfigurationPlatforms) = preSolution
		Debug|Any CPU = Debug|Any CPU
		Release|Any CPU = Release|Any CPU
	EndGlobalSection
	GlobalSection(ProjectConfigurationPlatforms) = postSolution
		{787DE22C-64DB-472A-8F77-1DCD8C614A7F}.Debug|Any CPU.ActiveCfg = Debug|Any CPU
		{787DE22C-64DB-472A-8F77-1DCD8C614A7F}.Debug|Any CPU.Build.0 = Debug|Any CPU
		{787DE22C-64DB-472A-8F77-1DCD8C614A7F}.Release|Any CPU.ActiveCfg = Release|Any CPU
		{787DE22C-64DB-472A-8F77-1DCD8C614A7F}.Release|Any CPU.Build.0 = Release|Any CPU
		{0E22F4BF-D71D-427B-A294-813857173FC6}.Debug|Any CPU.ActiveCfg = Debug|Any CPU
		{0E22F4BF-D71D-427B-A294-813857173FC6}.Debug|Any CPU.Build.0 = Debug|Any CPU
		{0E22F4BF-D71D-427B-A294-813857173FC6}.Release|Any CPU.ActiveCfg = Release|Any CPU
		{0E22F4BF-D71D-427B-A294-813857173FC6}.Release|Any CPU.Build.0 = Release|Any CPU
		{50D8676C-E0D1-4D08-BFD5-EC5C683041DF}.Debug|Any CPU.ActiveCfg = Debug|Any CPU
		{50D8676C-E0D1-4D08-BFD5-EC5C683041DF}.Debug|Any CPU.Build.0 = Debug|Any CPU
		{50D8676C-E0D1-4D08-BFD5-EC5C683041DF}.Release|Any CPU.ActiveCfg = Release|Any CPU
		{50D8676C-E0D1-4D08-BFD5-EC5C683041DF}.Release|Any CPU.Build.0 = Release|Any CPU
		{86A77DC4-6CDA-4A11-A1F0-DD00922DD355}.Debug|Any CPU.ActiveCfg = Debug|Any CPU
		{86A77DC4-6CDA-4A11-A1F0-DD00922DD355}.Debug|Any CPU.Build.0 = Debug|Any CPU
		{86A77DC4-6CDA-4A11-A1F0-DD00922DD355}.Release|Any CPU.ActiveCfg = Release|Any CPU
		{86A77DC4-6CDA-4A11-A1F0-DD00922DD355}.Release|Any CPU.Build.0 = Release|Any CPU
	EndGlobalSection
	GlobalSection(SolutionProperties) = preSolution
		HideSolutionNode = FALSE
	EndGlobalSection
	GlobalSection(NestedProjects) = preSolution
		{787DE22C-64DB-472A-8F77-1DCD8C614A7F} = {D57BDC24-CDF2-49DA-AD48-DDA1C55BE86B}
		{0E22F4BF-D71D-427B-A294-813857173FC6} = {D57BDC24-CDF2-49DA-AD48-DDA1C55BE86B}
		{50D8676C-E0D1-4D08-BFD5-EC5C683041DF} = {D57BDC24-CDF2-49DA-AD48-DDA1C55BE86B}
		{86A77DC4-6CDA-4A11-A1F0-DD00922DD355} = {164ECFA0-692B-4972-9240-89F759E9F417}
	EndGlobalSection
	GlobalSection(ExtensibilityGlobals) = postSolution
		SolutionGuid = {24AA9900-19CC-4652-9165-030B4812B305}
	EndGlobalSection
EndGlobal
